
Microsoft Visual Studio Solution File, Format Version 12.00
# Visual Studio Version 17
VisualStudioVersion = 17.8.34316.72
MinimumVisualStudioVersion = 10.0.40219.1
Project("{9A19103F-16F7-4668-BE54-9A1E7A4F7556}") = "Day1_Trebuchet", "Day1_Trebuchet\Day1_Trebuchet.csproj", "{314C961A-D0EC-46DE-9F05-6DC82365241E}"
EndProject
Project("{9A19103F-16F7-4668-BE54-9A1E7A4F7556}") = "Day2_CubeConundrum", "Day2_CubeConundrum\Day2_CubeConundrum.csproj", "{733779C9-23E2-4F63-A9D0-FE40DFB815EB}"
EndProject
Project("{9A19103F-16F7-4668-BE54-9A1E7A4F7556}") = "Day3_GearRatios", "Day3_GearRatios\Day3_GearRatios.csproj", "{C357A746-7688-4BC2-87B7-0AFCA237ADED}"
EndProject
Project("{9A19103F-16F7-4668-BE54-9A1E7A4F7556}") = "Day4_Scratchcards", "Day4_Scratchcards\Day4_Scratchcards.csproj", "{79109135-65D0-421F-90EF-3B52E428DF25}"
EndProject
Project("{9A19103F-16F7-4668-BE54-9A1E7A4F7556}") = "Day5_SeedFertilizer", "Day5_SeedFertilizer\Day5_SeedFertilizer.csproj", "{7C3797CE-F81C-404E-B18F-1E7714AC6400}"
EndProject
Project("{9A19103F-16F7-4668-BE54-9A1E7A4F7556}") = "Day6_WaitForIt", "Day6_WaitForIt\Day6_WaitForIt.csproj", "{A2310D25-EA31-45F2-AEC8-72A5A6949AF5}"
EndProject
Project("{9A19103F-16F7-4668-BE54-9A1E7A4F7556}") = "Day7_CamelCards", "Day7_CamelCards\Day7_CamelCards.csproj", "{B8B33D25-C6ED-4865-9B13-9697C51DE5CA}"
EndProject
Project("{9A19103F-16F7-4668-BE54-9A1E7A4F7556}") = "Day8_HauntedWasteland", "Day8_HauntedWasteland\Day8_HauntedWasteland.csproj", "{5ED643C2-D3DD-4E2D-9125-188E8A65B700}"
EndProject
Project("{9A19103F-16F7-4668-BE54-9A1E7A4F7556}") = "Day9_MirageMaintenance", "Day9_MirageMaintenance\Day9_MirageMaintenance.csproj", "{FA15E06B-0A5D-44C2-8C71-62CE48903F24}"
EndProject
Project("{9A19103F-16F7-4668-BE54-9A1E7A4F7556}") = "Day10_PipeMaze", "Day10_PipeMaze\Day10_PipeMaze.csproj", "{CD86DDD4-3769-4AB4-8C3E-47AC3B6D8DA2}"
EndProject
Project("{FAE04EC0-301F-11D3-BF4B-00C04F79EFBC}") = "Day11_CosmicExpansion", "Day11_CosmicExpansion\Day11_CosmicExpansion.csproj", "{E6CE7257-81B8-489D-ACEB-C8A1E69192F3}"
EndProject
Global
	GlobalSection(SolutionConfigurationPlatforms) = preSolution
		Debug|Any CPU = Debug|Any CPU
		Release|Any CPU = Release|Any CPU
	EndGlobalSection
	GlobalSection(ProjectConfigurationPlatforms) = postSolution
		{314C961A-D0EC-46DE-9F05-6DC82365241E}.Debug|Any CPU.ActiveCfg = Debug|Any CPU
		{314C961A-D0EC-46DE-9F05-6DC82365241E}.Debug|Any CPU.Build.0 = Debug|Any CPU
		{314C961A-D0EC-46DE-9F05-6DC82365241E}.Release|Any CPU.ActiveCfg = Release|Any CPU
		{314C961A-D0EC-46DE-9F05-6DC82365241E}.Release|Any CPU.Build.0 = Release|Any CPU
		{733779C9-23E2-4F63-A9D0-FE40DFB815EB}.Debug|Any CPU.ActiveCfg = Debug|Any CPU
		{733779C9-23E2-4F63-A9D0-FE40DFB815EB}.Debug|Any CPU.Build.0 = Debug|Any CPU
		{733779C9-23E2-4F63-A9D0-FE40DFB815EB}.Release|Any CPU.ActiveCfg = Release|Any CPU
		{733779C9-23E2-4F63-A9D0-FE40DFB815EB}.Release|Any CPU.Build.0 = Release|Any CPU
		{C357A746-7688-4BC2-87B7-0AFCA237ADED}.Debug|Any CPU.ActiveCfg = Debug|Any CPU
		{C357A746-7688-4BC2-87B7-0AFCA237ADED}.Debug|Any CPU.Build.0 = Debug|Any CPU
		{C357A746-7688-4BC2-87B7-0AFCA237ADED}.Release|Any CPU.ActiveCfg = Release|Any CPU
		{C357A746-7688-4BC2-87B7-0AFCA237ADED}.Release|Any CPU.Build.0 = Release|Any CPU
		{79109135-65D0-421F-90EF-3B52E428DF25}.Debug|Any CPU.ActiveCfg = Debug|Any CPU
		{79109135-65D0-421F-90EF-3B52E428DF25}.Debug|Any CPU.Build.0 = Debug|Any CPU
		{79109135-65D0-421F-90EF-3B52E428DF25}.Release|Any CPU.ActiveCfg = Release|Any CPU
		{79109135-65D0-421F-90EF-3B52E428DF25}.Release|Any CPU.Build.0 = Release|Any CPU
		{7C3797CE-F81C-404E-B18F-1E7714AC6400}.Debug|Any CPU.ActiveCfg = Debug|Any CPU
		{7C3797CE-F81C-404E-B18F-1E7714AC6400}.Debug|Any CPU.Build.0 = Debug|Any CPU
		{7C3797CE-F81C-404E-B18F-1E7714AC6400}.Release|Any CPU.ActiveCfg = Release|Any CPU
		{7C3797CE-F81C-404E-B18F-1E7714AC6400}.Release|Any CPU.Build.0 = Release|Any CPU
		{A2310D25-EA31-45F2-AEC8-72A5A6949AF5}.Debug|Any CPU.ActiveCfg = Debug|Any CPU
		{A2310D25-EA31-45F2-AEC8-72A5A6949AF5}.Debug|Any CPU.Build.0 = Debug|Any CPU
		{A2310D25-EA31-45F2-AEC8-72A5A6949AF5}.Release|Any CPU.ActiveCfg = Release|Any CPU
		{A2310D25-EA31-45F2-AEC8-72A5A6949AF5}.Release|Any CPU.Build.0 = Release|Any CPU
		{B8B33D25-C6ED-4865-9B13-9697C51DE5CA}.Debug|Any CPU.ActiveCfg = Debug|Any CPU
		{B8B33D25-C6ED-4865-9B13-9697C51DE5CA}.Debug|Any CPU.Build.0 = Debug|Any CPU
		{B8B33D25-C6ED-4865-9B13-9697C51DE5CA}.Release|Any CPU.ActiveCfg = Release|Any CPU
		{B8B33D25-C6ED-4865-9B13-9697C51DE5CA}.Release|Any CPU.Build.0 = Release|Any CPU
		{5ED643C2-D3DD-4E2D-9125-188E8A65B700}.Debug|Any CPU.ActiveCfg = Debug|Any CPU
		{5ED643C2-D3DD-4E2D-9125-188E8A65B700}.Debug|Any CPU.Build.0 = Debug|Any CPU
		{5ED643C2-D3DD-4E2D-9125-188E8A65B700}.Release|Any CPU.ActiveCfg = Release|Any CPU
		{5ED643C2-D3DD-4E2D-9125-188E8A65B700}.Release|Any CPU.Build.0 = Release|Any CPU
		{FA15E06B-0A5D-44C2-8C71-62CE48903F24}.Debug|Any CPU.ActiveCfg = Debug|Any CPU
		{FA15E06B-0A5D-44C2-8C71-62CE48903F24}.Debug|Any CPU.Build.0 = Debug|Any CPU
		{FA15E06B-0A5D-44C2-8C71-62CE48903F24}.Release|Any CPU.ActiveCfg = Release|Any CPU
		{FA15E06B-0A5D-44C2-8C71-62CE48903F24}.Release|Any CPU.Build.0 = Release|Any CPU
		{CD86DDD4-3769-4AB4-8C3E-47AC3B6D8DA2}.Debug|Any CPU.ActiveCfg = Debug|Any CPU
		{CD86DDD4-3769-4AB4-8C3E-47AC3B6D8DA2}.Debug|Any CPU.Build.0 = Debug|Any CPU
		{CD86DDD4-3769-4AB4-8C3E-47AC3B6D8DA2}.Release|Any CPU.ActiveCfg = Release|Any CPU
		{CD86DDD4-3769-4AB4-8C3E-47AC3B6D8DA2}.Release|Any CPU.Build.0 = Release|Any CPU
		{E6CE7257-81B8-489D-ACEB-C8A1E69192F3}.Debug|Any CPU.ActiveCfg = Debug|Any CPU
		{E6CE7257-81B8-489D-ACEB-C8A1E69192F3}.Debug|Any CPU.Build.0 = Debug|Any CPU
		{E6CE7257-81B8-489D-ACEB-C8A1E69192F3}.Release|Any CPU.ActiveCfg = Release|Any CPU
		{E6CE7257-81B8-489D-ACEB-C8A1E69192F3}.Release|Any CPU.Build.0 = Release|Any CPU
	EndGlobalSection
	GlobalSection(SolutionProperties) = preSolution
		HideSolutionNode = FALSE
	EndGlobalSection
	GlobalSection(ExtensibilityGlobals) = postSolution
		SolutionGuid = {47EF91B5-C632-41B5-B32F-72D1E94E0228}
	EndGlobalSection
EndGlobal
