
Microsoft Visual Studio Solution File, Format Version 12.00
# Visual Studio Version 17
VisualStudioVersion = 17.8.34316.72
MinimumVisualStudioVersion = 10.0.40219.1
Project("{9A19103F-16F7-4668-BE54-9A1E7A4F7556}") = "Day1_Trebuchet", "Day1_Trebuchet\Day1_Trebuchet.csproj", "{314C961A-D0EC-46DE-9F05-6DC82365241E}"
EndProject
Project("{9A19103F-16F7-4668-BE54-9A1E7A4F7556}") = "Day2_CubeConundrum", "Day2_CubeConundrum\Day2_CubeConundrum.csproj", "{733779C9-23E2-4F63-A9D0-FE40DFB815EB}"
EndProject
Project("{9A19103F-16F7-4668-BE54-9A1E7A4F7556}") = "Day3_GearRatios", "Day3_GearRatios\Day3_GearRatios.csproj", "{C357A746-7688-4BC2-87B7-0AFCA237ADED}"
EndProject
Project("{FAE04EC0-301F-11D3-BF4B-00C04F79EFBC}") = "Day4_Scratchcards", "Day4_Scratchcards\Day4_Scratchcards.csproj", "{79109135-65D0-421F-90EF-3B52E428DF25}"
EndProject
Global
	GlobalSection(SolutionConfigurationPlatforms) = preSolution
		Debug|Any CPU = Debug|Any CPU
		Release|Any CPU = Release|Any CPU
	EndGlobalSection
	GlobalSection(ProjectConfigurationPlatforms) = postSolution
		{314C961A-D0EC-46DE-9F05-6DC82365241E}.Debug|Any CPU.ActiveCfg = Debug|Any CPU
		{314C961A-D0EC-46DE-9F05-6DC82365241E}.Debug|Any CPU.Build.0 = Debug|Any CPU
		{314C961A-D0EC-46DE-9F05-6DC82365241E}.Release|Any CPU.ActiveCfg = Release|Any CPU
		{314C961A-D0EC-46DE-9F05-6DC82365241E}.Release|Any CPU.Build.0 = Release|Any CPU
		{733779C9-23E2-4F63-A9D0-FE40DFB815EB}.Debug|Any CPU.ActiveCfg = Debug|Any CPU
		{733779C9-23E2-4F63-A9D0-FE40DFB815EB}.Debug|Any CPU.Build.0 = Debug|Any CPU
		{733779C9-23E2-4F63-A9D0-FE40DFB815EB}.Release|Any CPU.ActiveCfg = Release|Any CPU
		{733779C9-23E2-4F63-A9D0-FE40DFB815EB}.Release|Any CPU.Build.0 = Release|Any CPU
		{C357A746-7688-4BC2-87B7-0AFCA237ADED}.Debug|Any CPU.ActiveCfg = Debug|Any CPU
		{C357A746-7688-4BC2-87B7-0AFCA237ADED}.Debug|Any CPU.Build.0 = Debug|Any CPU
		{C357A746-7688-4BC2-87B7-0AFCA237ADED}.Release|Any CPU.ActiveCfg = Release|Any CPU
		{C357A746-7688-4BC2-87B7-0AFCA237ADED}.Release|Any CPU.Build.0 = Release|Any CPU
		{79109135-65D0-421F-90EF-3B52E428DF25}.Debug|Any CPU.ActiveCfg = Debug|Any CPU
		{79109135-65D0-421F-90EF-3B52E428DF25}.Debug|Any CPU.Build.0 = Debug|Any CPU
		{79109135-65D0-421F-90EF-3B52E428DF25}.Release|Any CPU.ActiveCfg = Release|Any CPU
		{79109135-65D0-421F-90EF-3B52E428DF25}.Release|Any CPU.Build.0 = Release|Any CPU
	EndGlobalSection
	GlobalSection(SolutionProperties) = preSolution
		HideSolutionNode = FALSE
	EndGlobalSection
	GlobalSection(ExtensibilityGlobals) = postSolution
		SolutionGuid = {47EF91B5-C632-41B5-B32F-72D1E94E0228}
	EndGlobalSection
EndGlobal
